
Microsoft Visual Studio Solution File, Format Version 12.00
# Visual Studio Version 17
VisualStudioVersion = 17.2.32526.322
MinimumVisualStudioVersion = 10.0.40219.1
Project("{888888A0-9F3D-457C-B088-3A5042F75D52}") = "проэкт 1", "проэкт 1\проэкт 1.pyproj", "{CF0F1A9C-F2F7-40E3-9AD0-3A8AF65C9DFD}"
EndProject
Global
	GlobalSection(SolutionConfigurationPlatforms) = preSolution
		Debug|Any CPU = Debug|Any CPU
		Release|Any CPU = Release|Any CPU
	EndGlobalSection
	GlobalSection(ProjectConfigurationPlatforms) = postSolution
		{CF0F1A9C-F2F7-40E3-9AD0-3A8AF65C9DFD}.Debug|Any CPU.ActiveCfg = Debug|Any CPU
		{CF0F1A9C-F2F7-40E3-9AD0-3A8AF65C9DFD}.Release|Any CPU.ActiveCfg = Release|Any CPU
	EndGlobalSection
	GlobalSection(SolutionProperties) = preSolution
		HideSolutionNode = FALSE
	EndGlobalSection
	GlobalSection(ExtensibilityGlobals) = postSolution
		SolutionGuid = {89863E8C-8EF2-49EA-B057-39A4D1D6A5F8}
	EndGlobalSection
EndGlobal
